
Microsoft Visual Studio Solution File, Format Version 12.00
# Visual Studio Version 17
VisualStudioVersion = 17.13.36105.23 d17.13
MinimumVisualStudioVersion = 10.0.40219.1
Project("{FAE04EC0-301F-11D3-BF4B-00C04F79EFBC}") = "Abbos", "Abbos.csproj", "{1BC6FF9C-45FB-49FF-9D1F-CF467172A0EB}"
EndProject
Global
	GlobalSection(SolutionConfigurationPlatforms) = preSolution
		Debug|Any CPU = Debug|Any CPU
		Release|Any CPU = Release|Any CPU
	EndGlobalSection
	GlobalSection(ProjectConfigurationPlatforms) = postSolution
		{1BC6FF9C-45FB-49FF-9D1F-CF467172A0EB}.Debug|Any CPU.ActiveCfg = Debug|Any CPU
		{1BC6FF9C-45FB-49FF-9D1F-CF467172A0EB}.Debug|Any CPU.Build.0 = Debug|Any CPU
		{1BC6FF9C-45FB-49FF-9D1F-CF467172A0EB}.Release|Any CPU.ActiveCfg = Release|Any CPU
		{1BC6FF9C-45FB-49FF-9D1F-CF467172A0EB}.Release|Any CPU.Build.0 = Release|Any CPU
	EndGlobalSection
	GlobalSection(SolutionProperties) = preSolution
		HideSolutionNode = FALSE
	EndGlobalSection
	GlobalSection(ExtensibilityGlobals) = postSolution
		SolutionGuid = {A1B30B52-DA5E-4E09-9FB3-64EE48C09E2F}
	EndGlobalSection
EndGlobal
