
Microsoft Visual Studio Solution File, Format Version 12.00
# Visual Studio Version 17
VisualStudioVersion = 17.13.36105.23
MinimumVisualStudioVersion = 10.0.40219.1
Project("{FAE04EC0-301F-11D3-BF4B-00C04F79EFBC}") = "ClothingWholesaleAPI", "ClothingWholesaleAPI.csproj", "{C5E36689-C27A-7388-D09E-8E7DCF1239EA}"
EndProject
Global
	GlobalSection(SolutionConfigurationPlatforms) = preSolution
		Debug|Any CPU = Debug|Any CPU
		Release|Any CPU = Release|Any CPU
	EndGlobalSection
	GlobalSection(ProjectConfigurationPlatforms) = postSolution
		{C5E36689-C27A-7388-D09E-8E7DCF1239EA}.Debug|Any CPU.ActiveCfg = Debug|Any CPU
		{C5E36689-C27A-7388-D09E-8E7DCF1239EA}.Debug|Any CPU.Build.0 = Debug|Any CPU
		{C5E36689-C27A-7388-D09E-8E7DCF1239EA}.Release|Any CPU.ActiveCfg = Release|Any CPU
		{C5E36689-C27A-7388-D09E-8E7DCF1239EA}.Release|Any CPU.Build.0 = Release|Any CPU
	EndGlobalSection
	GlobalSection(SolutionProperties) = preSolution
		HideSolutionNode = FALSE
	EndGlobalSection
	GlobalSection(ExtensibilityGlobals) = postSolution
		SolutionGuid = {EFF89D28-6286-4430-A887-5057A3AB0455}
	EndGlobalSection
EndGlobal
